
Microsoft Visual Studio Solution File, Format Version 12.00
# Visual Studio Version 17
VisualStudioVersion = 17.4.33110.190
MinimumVisualStudioVersion = 10.0.40219.1
Project("{FAE04EC0-301F-11D3-BF4B-00C04F79EFBC}") = "Dictionary", "Dictionary\Dictionary.csproj", "{664D90ED-BB4F-408A-B4B6-42A76F79F3D3}"
EndProject
Global
	GlobalSection(SolutionConfigurationPlatforms) = preSolution
		Debug|Any CPU = Debug|Any CPU
		Release|Any CPU = Release|Any CPU
	EndGlobalSection
	GlobalSection(ProjectConfigurationPlatforms) = postSolution
		{664D90ED-BB4F-408A-B4B6-42A76F79F3D3}.Debug|Any CPU.ActiveCfg = Debug|Any CPU
		{664D90ED-BB4F-408A-B4B6-42A76F79F3D3}.Debug|Any CPU.Build.0 = Debug|Any CPU
		{664D90ED-BB4F-408A-B4B6-42A76F79F3D3}.Release|Any CPU.ActiveCfg = Release|Any CPU
		{664D90ED-BB4F-408A-B4B6-42A76F79F3D3}.Release|Any CPU.Build.0 = Release|Any CPU
	EndGlobalSection
	GlobalSection(SolutionProperties) = preSolution
		HideSolutionNode = FALSE
	EndGlobalSection
	GlobalSection(ExtensibilityGlobals) = postSolution
		SolutionGuid = {C273CE6B-4203-47EC-8862-D7AB62B5E495}
	EndGlobalSection
EndGlobal
